
Microsoft Visual Studio Solution File, Format Version 12.00
# Visual Studio 15
VisualStudioVersion = 15.0.28307.757
MinimumVisualStudioVersion = 10.0.40219.1
Project("{FAE04EC0-301F-11D3-BF4B-00C04F79EFBC}") = "HackerRank", "HackerRank\HackerRank.csproj", "{7AEA1D82-40CC-4A77-BC16-09DF9D5249E4}"
EndProject
Global
	GlobalSection(SolutionConfigurationPlatforms) = preSolution
		Debug|Any CPU = Debug|Any CPU
		Release|Any CPU = Release|Any CPU
	EndGlobalSection
	GlobalSection(ProjectConfigurationPlatforms) = postSolution
		{7AEA1D82-40CC-4A77-BC16-09DF9D5249E4}.Debug|Any CPU.ActiveCfg = Debug|Any CPU
		{7AEA1D82-40CC-4A77-BC16-09DF9D5249E4}.Debug|Any CPU.Build.0 = Debug|Any CPU
		{7AEA1D82-40CC-4A77-BC16-09DF9D5249E4}.Release|Any CPU.ActiveCfg = Release|Any CPU
		{7AEA1D82-40CC-4A77-BC16-09DF9D5249E4}.Release|Any CPU.Build.0 = Release|Any CPU
	EndGlobalSection
	GlobalSection(SolutionProperties) = preSolution
		HideSolutionNode = FALSE
	EndGlobalSection
	GlobalSection(ExtensibilityGlobals) = postSolution
		SolutionGuid = {93081984-24E7-4020-B956-D7EF545BB026}
	EndGlobalSection
EndGlobal
